
Microsoft Visual Studio Solution File, Format Version 12.00
# Visual Studio Version 17
VisualStudioVersion = 17.5.33627.172
MinimumVisualStudioVersion = 10.0.40219.1
Project("{8BC9CEB8-8B4A-11D0-8D11-00A0C91BC942}") = "MT3_02_05", "MT3_02_05.vcxproj", "{40C2D87E-AF0D-43C7-94EE-57A746DA7CEE}"
EndProject
Global
	GlobalSection(SolutionConfigurationPlatforms) = preSolution
		Debug|x64 = Debug|x64
		Release|x64 = Release|x64
	EndGlobalSection
	GlobalSection(ProjectConfigurationPlatforms) = postSolution
		{40C2D87E-AF0D-43C7-94EE-57A746DA7CEE}.Debug|x64.ActiveCfg = Debug|x64
		{40C2D87E-AF0D-43C7-94EE-57A746DA7CEE}.Debug|x64.Build.0 = Debug|x64
		{40C2D87E-AF0D-43C7-94EE-57A746DA7CEE}.Release|x64.ActiveCfg = Release|x64
		{40C2D87E-AF0D-43C7-94EE-57A746DA7CEE}.Release|x64.Build.0 = Release|x64
	EndGlobalSection
	GlobalSection(SolutionProperties) = preSolution
		HideSolutionNode = FALSE
	EndGlobalSection
	GlobalSection(ExtensibilityGlobals) = postSolution
		SolutionGuid = {78DA51F4-1180-47DE-A35C-4E856205135F}
	EndGlobalSection
EndGlobal
